{
  "name": "oskar",
  "version": "3.0.0",
  "lockfileVersion": 1,
  "requires": true,
  "dependencies": {
    "arz": {
      "version": "0.0.1",
      "resolved": "github:nasser/arz#7932acc7a8eb22edb8b753f03e49ed3e4197b792",
      "requires": {
        "pegjs": "^0.10.0"
      }
    },
    "pegjs": {
      "version": "0.10.0",
      "resolved": "https://registry.npmjs.org/pegjs/-/pegjs-0.10.0.tgz",
      "integrity": "sha1-z4uvrm7d/0tafvsYUmnqr0YQ3b0="
    }
  }
}
