{
  "name": "oskar",
  "version": "3.0.0",
  "lockfileVersion": 1,
  "requires": true,
  "dependencies": {
    "arz": {
      "version": "github:nasser/arz#0eb24e1f753ca0da7219e8832aafbfecfe3b1c55",
      "from": "github:nasser/arz",
      "requires": {
        "pegjs": "^0.10.0"
      }
    },
    "pegjs": {
      "version": "0.10.0",
      "resolved": "https://registry.npmjs.org/pegjs/-/pegjs-0.10.0.tgz",
      "integrity": "sha1-z4uvrm7d/0tafvsYUmnqr0YQ3b0="
    }
  }
}
